
Microsoft Visual Studio Solution File, Format Version 12.00
# Visual Studio Version 16
VisualStudioVersion = 16.0.31624.102
MinimumVisualStudioVersion = 10.0.40219.1
Project("{FAE04EC0-301F-11D3-BF4B-00C04F79EFBC}") = "mass", "mass.csproj", "{D3E5B2D8-A620-4BA8-B6D4-E4A4EECD8E96}"
EndProject
Global
	GlobalSection(SolutionConfigurationPlatforms) = preSolution
		Debug|Any CPU = Debug|Any CPU
		Release|Any CPU = Release|Any CPU
	EndGlobalSection
	GlobalSection(ProjectConfigurationPlatforms) = postSolution
		{D3E5B2D8-A620-4BA8-B6D4-E4A4EECD8E96}.Debug|Any CPU.ActiveCfg = Debug|Any CPU
		{D3E5B2D8-A620-4BA8-B6D4-E4A4EECD8E96}.Debug|Any CPU.Build.0 = Debug|Any CPU
		{D3E5B2D8-A620-4BA8-B6D4-E4A4EECD8E96}.Release|Any CPU.ActiveCfg = Release|Any CPU
		{D3E5B2D8-A620-4BA8-B6D4-E4A4EECD8E96}.Release|Any CPU.Build.0 = Release|Any CPU
	EndGlobalSection
	GlobalSection(SolutionProperties) = preSolution
		HideSolutionNode = FALSE
	EndGlobalSection
	GlobalSection(ExtensibilityGlobals) = postSolution
		SolutionGuid = {B45B23B9-2976-4E20-82C3-338C68360EF2}
	EndGlobalSection
EndGlobal
